
Microsoft Visual Studio Solution File, Format Version 12.00
# Visual Studio Version 17
VisualStudioVersion = 17.4.33122.133
MinimumVisualStudioVersion = 10.0.40219.1
Project("{FAE04EC0-301F-11D3-BF4B-00C04F79EFBC}") = "WedsiteBanHang", "WedsiteBanHang\WedsiteBanHang.csproj", "{3A4460E4-BAC4-4391-89D5-7C4206E7F0BC}"
EndProject
Global
	GlobalSection(SolutionConfigurationPlatforms) = preSolution
		Debug|Any CPU = Debug|Any CPU
		Release|Any CPU = Release|Any CPU
	EndGlobalSection
	GlobalSection(ProjectConfigurationPlatforms) = postSolution
		{3A4460E4-BAC4-4391-89D5-7C4206E7F0BC}.Debug|Any CPU.ActiveCfg = Debug|Any CPU
		{3A4460E4-BAC4-4391-89D5-7C4206E7F0BC}.Debug|Any CPU.Build.0 = Debug|Any CPU
		{3A4460E4-BAC4-4391-89D5-7C4206E7F0BC}.Release|Any CPU.ActiveCfg = Release|Any CPU
		{3A4460E4-BAC4-4391-89D5-7C4206E7F0BC}.Release|Any CPU.Build.0 = Release|Any CPU
	EndGlobalSection
	GlobalSection(SolutionProperties) = preSolution
		HideSolutionNode = FALSE
	EndGlobalSection
	GlobalSection(ExtensibilityGlobals) = postSolution
		SolutionGuid = {C31A810A-FA1D-4AB4-B5EC-6039886603E4}
	EndGlobalSection
EndGlobal
